
Microsoft Visual Studio Solution File, Format Version 12.00
Project("{FAE04EC0-301F-11D3-BF4B-00C04F79EFBC}") = "Day1", "Day1\Day1.csproj", "{2CF904AD-33B4-40B1-908A-5419E19D66AE}"
EndProject
Project("{FAE04EC0-301F-11D3-BF4B-00C04F79EFBC}") = "Day2", "Day2\Day2.csproj", "{B998184F-22A8-4EFD-93FE-A61445C305F1}"
EndProject
Project("{FAE04EC0-301F-11D3-BF4B-00C04F79EFBC}") = "Day3", "Day3\Day3.csproj", "{45A8EA27-DDB0-4DCA-ADE0-277654C2EFBF}"
EndProject
Project("{FAE04EC0-301F-11D3-BF4B-00C04F79EFBC}") = "Day4", "Day4\Day4.csproj", "{14244875-5B28-4827-82C2-B393DFC2EBAF}"
EndProject
Project("{FAE04EC0-301F-11D3-BF4B-00C04F79EFBC}") = "Day5", "Day5\Day5.csproj", "{B815BAF4-15DC-4626-B831-A611E1FF027B}"
EndProject
Project("{FAE04EC0-301F-11D3-BF4B-00C04F79EFBC}") = "Day6", "Day6\Day6.csproj", "{B462E9EF-1901-4C47-8BE2-F25E81E37D4C}"
EndProject
Project("{FAE04EC0-301F-11D3-BF4B-00C04F79EFBC}") = "Day7", "Day7\Day7.csproj", "{074CFEF7-105B-4D27-987D-B7B736DE8F67}"
EndProject
Project("{FAE04EC0-301F-11D3-BF4B-00C04F79EFBC}") = "Day8", "Day8\Day8.csproj", "{2E1000E6-E678-4442-BABC-1D45560274F4}"
EndProject
Project("{FAE04EC0-301F-11D3-BF4B-00C04F79EFBC}") = "Day9", "Day9\Day9.csproj", "{FD4AED9C-8D9A-48D7-B704-2EF6C535AFE2}"
EndProject
Project("{FAE04EC0-301F-11D3-BF4B-00C04F79EFBC}") = "Day10", "Day10\Day10.csproj", "{19B9EC42-2562-4E25-AF56-79EA89CA2FB0}"
EndProject
Project("{FAE04EC0-301F-11D3-BF4B-00C04F79EFBC}") = "Day11", "Day11\Day11.csproj", "{7CAB14EB-C8C7-4425-8E92-8BCA9EAC3CD3}"
EndProject
Project("{FAE04EC0-301F-11D3-BF4B-00C04F79EFBC}") = "Day12", "Day12\Day12.csproj", "{2183E2AB-6D24-42B7-B772-2CED8EF55157}"
EndProject
Project("{FAE04EC0-301F-11D3-BF4B-00C04F79EFBC}") = "Day13", "Day13\Day13.csproj", "{01FD646F-60D2-489A-B55E-995DABE7361B}"
EndProject
Project("{FAE04EC0-301F-11D3-BF4B-00C04F79EFBC}") = "Day14", "Day14\Day14.csproj", "{4A61081B-421B-4CC2-9071-71DA47C19EB7}"
EndProject
Project("{FAE04EC0-301F-11D3-BF4B-00C04F79EFBC}") = "Day15", "Day15\Day15.csproj", "{3A83A4B1-4403-473E-AA1C-EF55C7F6679E}"
EndProject
Project("{FAE04EC0-301F-11D3-BF4B-00C04F79EFBC}") = "Day16", "Day16\Day16.csproj", "{438B6583-A643-4E85-919F-1AC8EFE7BFF0}"
EndProject
Project("{FAE04EC0-301F-11D3-BF4B-00C04F79EFBC}") = "Day17", "Day17\Day17.csproj", "{C79E2799-7539-4DD5-BD42-B83CC04C46DC}"
EndProject
Project("{FAE04EC0-301F-11D3-BF4B-00C04F79EFBC}") = "Day18", "Day18\Day18.csproj", "{CEB32053-A0D7-4811-8C81-E9ABE9D130FD}"
EndProject
Project("{FAE04EC0-301F-11D3-BF4B-00C04F79EFBC}") = "Day19", "Day19\Day19.csproj", "{744C8634-F777-48E1-A4CB-1921E0D21C6C}"
EndProject
Project("{FAE04EC0-301F-11D3-BF4B-00C04F79EFBC}") = "Day20", "Day20\Day20.csproj", "{1E81D65F-332B-4286-A206-B1BC0ABAE49E}"
EndProject
Project("{FAE04EC0-301F-11D3-BF4B-00C04F79EFBC}") = "Day21", "Day21\Day21.csproj", "{E5B5D3D2-D4DB-4D37-BF04-5072D114A435}"
EndProject
Project("{FAE04EC0-301F-11D3-BF4B-00C04F79EFBC}") = "Day22", "Day22\Day22.csproj", "{E40E3348-FC41-4FBD-B9F0-4E94504A7819}"
EndProject
Global
	GlobalSection(SolutionConfigurationPlatforms) = preSolution
		Debug|Any CPU = Debug|Any CPU
		Release|Any CPU = Release|Any CPU
	EndGlobalSection
	GlobalSection(ProjectConfigurationPlatforms) = postSolution
		{2CF904AD-33B4-40B1-908A-5419E19D66AE}.Debug|Any CPU.ActiveCfg = Debug|Any CPU
		{2CF904AD-33B4-40B1-908A-5419E19D66AE}.Debug|Any CPU.Build.0 = Debug|Any CPU
		{2CF904AD-33B4-40B1-908A-5419E19D66AE}.Release|Any CPU.ActiveCfg = Release|Any CPU
		{2CF904AD-33B4-40B1-908A-5419E19D66AE}.Release|Any CPU.Build.0 = Release|Any CPU
		{B998184F-22A8-4EFD-93FE-A61445C305F1}.Debug|Any CPU.ActiveCfg = Debug|Any CPU
		{B998184F-22A8-4EFD-93FE-A61445C305F1}.Debug|Any CPU.Build.0 = Debug|Any CPU
		{B998184F-22A8-4EFD-93FE-A61445C305F1}.Release|Any CPU.ActiveCfg = Release|Any CPU
		{B998184F-22A8-4EFD-93FE-A61445C305F1}.Release|Any CPU.Build.0 = Release|Any CPU
		{45A8EA27-DDB0-4DCA-ADE0-277654C2EFBF}.Debug|Any CPU.ActiveCfg = Debug|Any CPU
		{45A8EA27-DDB0-4DCA-ADE0-277654C2EFBF}.Debug|Any CPU.Build.0 = Debug|Any CPU
		{45A8EA27-DDB0-4DCA-ADE0-277654C2EFBF}.Release|Any CPU.ActiveCfg = Release|Any CPU
		{45A8EA27-DDB0-4DCA-ADE0-277654C2EFBF}.Release|Any CPU.Build.0 = Release|Any CPU
		{14244875-5B28-4827-82C2-B393DFC2EBAF}.Debug|Any CPU.ActiveCfg = Debug|Any CPU
		{14244875-5B28-4827-82C2-B393DFC2EBAF}.Debug|Any CPU.Build.0 = Debug|Any CPU
		{14244875-5B28-4827-82C2-B393DFC2EBAF}.Release|Any CPU.ActiveCfg = Release|Any CPU
		{14244875-5B28-4827-82C2-B393DFC2EBAF}.Release|Any CPU.Build.0 = Release|Any CPU
		{B815BAF4-15DC-4626-B831-A611E1FF027B}.Debug|Any CPU.ActiveCfg = Debug|Any CPU
		{B815BAF4-15DC-4626-B831-A611E1FF027B}.Debug|Any CPU.Build.0 = Debug|Any CPU
		{B815BAF4-15DC-4626-B831-A611E1FF027B}.Release|Any CPU.ActiveCfg = Release|Any CPU
		{B815BAF4-15DC-4626-B831-A611E1FF027B}.Release|Any CPU.Build.0 = Release|Any CPU
		{B462E9EF-1901-4C47-8BE2-F25E81E37D4C}.Debug|Any CPU.ActiveCfg = Debug|Any CPU
		{B462E9EF-1901-4C47-8BE2-F25E81E37D4C}.Debug|Any CPU.Build.0 = Debug|Any CPU
		{B462E9EF-1901-4C47-8BE2-F25E81E37D4C}.Release|Any CPU.ActiveCfg = Release|Any CPU
		{B462E9EF-1901-4C47-8BE2-F25E81E37D4C}.Release|Any CPU.Build.0 = Release|Any CPU
		{074CFEF7-105B-4D27-987D-B7B736DE8F67}.Debug|Any CPU.ActiveCfg = Debug|Any CPU
		{074CFEF7-105B-4D27-987D-B7B736DE8F67}.Debug|Any CPU.Build.0 = Debug|Any CPU
		{074CFEF7-105B-4D27-987D-B7B736DE8F67}.Release|Any CPU.ActiveCfg = Release|Any CPU
		{074CFEF7-105B-4D27-987D-B7B736DE8F67}.Release|Any CPU.Build.0 = Release|Any CPU
		{2E1000E6-E678-4442-BABC-1D45560274F4}.Debug|Any CPU.ActiveCfg = Debug|Any CPU
		{2E1000E6-E678-4442-BABC-1D45560274F4}.Debug|Any CPU.Build.0 = Debug|Any CPU
		{2E1000E6-E678-4442-BABC-1D45560274F4}.Release|Any CPU.ActiveCfg = Release|Any CPU
		{2E1000E6-E678-4442-BABC-1D45560274F4}.Release|Any CPU.Build.0 = Release|Any CPU
		{FD4AED9C-8D9A-48D7-B704-2EF6C535AFE2}.Debug|Any CPU.ActiveCfg = Debug|Any CPU
		{FD4AED9C-8D9A-48D7-B704-2EF6C535AFE2}.Debug|Any CPU.Build.0 = Debug|Any CPU
		{FD4AED9C-8D9A-48D7-B704-2EF6C535AFE2}.Release|Any CPU.ActiveCfg = Release|Any CPU
		{FD4AED9C-8D9A-48D7-B704-2EF6C535AFE2}.Release|Any CPU.Build.0 = Release|Any CPU
		{19B9EC42-2562-4E25-AF56-79EA89CA2FB0}.Debug|Any CPU.ActiveCfg = Debug|Any CPU
		{19B9EC42-2562-4E25-AF56-79EA89CA2FB0}.Debug|Any CPU.Build.0 = Debug|Any CPU
		{19B9EC42-2562-4E25-AF56-79EA89CA2FB0}.Release|Any CPU.ActiveCfg = Release|Any CPU
		{19B9EC42-2562-4E25-AF56-79EA89CA2FB0}.Release|Any CPU.Build.0 = Release|Any CPU
		{7CAB14EB-C8C7-4425-8E92-8BCA9EAC3CD3}.Debug|Any CPU.ActiveCfg = Debug|Any CPU
		{7CAB14EB-C8C7-4425-8E92-8BCA9EAC3CD3}.Debug|Any CPU.Build.0 = Debug|Any CPU
		{7CAB14EB-C8C7-4425-8E92-8BCA9EAC3CD3}.Release|Any CPU.ActiveCfg = Release|Any CPU
		{7CAB14EB-C8C7-4425-8E92-8BCA9EAC3CD3}.Release|Any CPU.Build.0 = Release|Any CPU
		{2183E2AB-6D24-42B7-B772-2CED8EF55157}.Debug|Any CPU.ActiveCfg = Debug|Any CPU
		{2183E2AB-6D24-42B7-B772-2CED8EF55157}.Debug|Any CPU.Build.0 = Debug|Any CPU
		{2183E2AB-6D24-42B7-B772-2CED8EF55157}.Release|Any CPU.ActiveCfg = Release|Any CPU
		{2183E2AB-6D24-42B7-B772-2CED8EF55157}.Release|Any CPU.Build.0 = Release|Any CPU
		{01FD646F-60D2-489A-B55E-995DABE7361B}.Debug|Any CPU.ActiveCfg = Debug|Any CPU
		{01FD646F-60D2-489A-B55E-995DABE7361B}.Debug|Any CPU.Build.0 = Debug|Any CPU
		{01FD646F-60D2-489A-B55E-995DABE7361B}.Release|Any CPU.ActiveCfg = Release|Any CPU
		{01FD646F-60D2-489A-B55E-995DABE7361B}.Release|Any CPU.Build.0 = Release|Any CPU
		{4A61081B-421B-4CC2-9071-71DA47C19EB7}.Debug|Any CPU.ActiveCfg = Debug|Any CPU
		{4A61081B-421B-4CC2-9071-71DA47C19EB7}.Debug|Any CPU.Build.0 = Debug|Any CPU
		{4A61081B-421B-4CC2-9071-71DA47C19EB7}.Release|Any CPU.ActiveCfg = Release|Any CPU
		{4A61081B-421B-4CC2-9071-71DA47C19EB7}.Release|Any CPU.Build.0 = Release|Any CPU
		{3A83A4B1-4403-473E-AA1C-EF55C7F6679E}.Debug|Any CPU.ActiveCfg = Debug|Any CPU
		{3A83A4B1-4403-473E-AA1C-EF55C7F6679E}.Debug|Any CPU.Build.0 = Debug|Any CPU
		{3A83A4B1-4403-473E-AA1C-EF55C7F6679E}.Release|Any CPU.ActiveCfg = Release|Any CPU
		{3A83A4B1-4403-473E-AA1C-EF55C7F6679E}.Release|Any CPU.Build.0 = Release|Any CPU
		{438B6583-A643-4E85-919F-1AC8EFE7BFF0}.Debug|Any CPU.ActiveCfg = Debug|Any CPU
		{438B6583-A643-4E85-919F-1AC8EFE7BFF0}.Debug|Any CPU.Build.0 = Debug|Any CPU
		{438B6583-A643-4E85-919F-1AC8EFE7BFF0}.Release|Any CPU.ActiveCfg = Release|Any CPU
		{438B6583-A643-4E85-919F-1AC8EFE7BFF0}.Release|Any CPU.Build.0 = Release|Any CPU
		{C79E2799-7539-4DD5-BD42-B83CC04C46DC}.Debug|Any CPU.ActiveCfg = Debug|Any CPU
		{C79E2799-7539-4DD5-BD42-B83CC04C46DC}.Debug|Any CPU.Build.0 = Debug|Any CPU
		{C79E2799-7539-4DD5-BD42-B83CC04C46DC}.Release|Any CPU.ActiveCfg = Release|Any CPU
		{C79E2799-7539-4DD5-BD42-B83CC04C46DC}.Release|Any CPU.Build.0 = Release|Any CPU
		{CEB32053-A0D7-4811-8C81-E9ABE9D130FD}.Debug|Any CPU.ActiveCfg = Debug|Any CPU
		{CEB32053-A0D7-4811-8C81-E9ABE9D130FD}.Debug|Any CPU.Build.0 = Debug|Any CPU
		{CEB32053-A0D7-4811-8C81-E9ABE9D130FD}.Release|Any CPU.ActiveCfg = Release|Any CPU
		{CEB32053-A0D7-4811-8C81-E9ABE9D130FD}.Release|Any CPU.Build.0 = Release|Any CPU
		{744C8634-F777-48E1-A4CB-1921E0D21C6C}.Debug|Any CPU.ActiveCfg = Debug|Any CPU
		{744C8634-F777-48E1-A4CB-1921E0D21C6C}.Debug|Any CPU.Build.0 = Debug|Any CPU
		{744C8634-F777-48E1-A4CB-1921E0D21C6C}.Release|Any CPU.ActiveCfg = Release|Any CPU
		{744C8634-F777-48E1-A4CB-1921E0D21C6C}.Release|Any CPU.Build.0 = Release|Any CPU
		{1E81D65F-332B-4286-A206-B1BC0ABAE49E}.Debug|Any CPU.ActiveCfg = Debug|Any CPU
		{1E81D65F-332B-4286-A206-B1BC0ABAE49E}.Debug|Any CPU.Build.0 = Debug|Any CPU
		{1E81D65F-332B-4286-A206-B1BC0ABAE49E}.Release|Any CPU.ActiveCfg = Release|Any CPU
		{1E81D65F-332B-4286-A206-B1BC0ABAE49E}.Release|Any CPU.Build.0 = Release|Any CPU
		{E5B5D3D2-D4DB-4D37-BF04-5072D114A435}.Debug|Any CPU.ActiveCfg = Debug|Any CPU
		{E5B5D3D2-D4DB-4D37-BF04-5072D114A435}.Debug|Any CPU.Build.0 = Debug|Any CPU
		{E5B5D3D2-D4DB-4D37-BF04-5072D114A435}.Release|Any CPU.ActiveCfg = Release|Any CPU
		{E5B5D3D2-D4DB-4D37-BF04-5072D114A435}.Release|Any CPU.Build.0 = Release|Any CPU
		{E40E3348-FC41-4FBD-B9F0-4E94504A7819}.Debug|Any CPU.ActiveCfg = Debug|Any CPU
		{E40E3348-FC41-4FBD-B9F0-4E94504A7819}.Debug|Any CPU.Build.0 = Debug|Any CPU
		{E40E3348-FC41-4FBD-B9F0-4E94504A7819}.Release|Any CPU.ActiveCfg = Release|Any CPU
		{E40E3348-FC41-4FBD-B9F0-4E94504A7819}.Release|Any CPU.Build.0 = Release|Any CPU
	EndGlobalSection
EndGlobal
